
Microsoft Visual Studio Solution File, Format Version 10.00
# Visual Studio 2008
Project("{FAE04EC0-301F-11D3-BF4B-00C04F79EFBC}") = "BlackCatKMLParser", "BlackCatKMLParser\BlackCatKMLParser.csproj", "{7E97C915-0A38-4D05-BE3C-0C3CAD73FF8E}"
EndProject
Project("{FAE04EC0-301F-11D3-BF4B-00C04F79EFBC}") = "TestBlackCatKMLParser", "TestBlackCatKMLParser\TestBlackCatKMLParser.csproj", "{9090F93C-4F3E-404A-992A-A38C972F2371}"
EndProject
Global
	GlobalSection(SolutionConfigurationPlatforms) = preSolution
		Debug|Any CPU = Debug|Any CPU
		Release|Any CPU = Release|Any CPU
	EndGlobalSection
	GlobalSection(ProjectConfigurationPlatforms) = postSolution
		{7E97C915-0A38-4D05-BE3C-0C3CAD73FF8E}.Debug|Any CPU.ActiveCfg = Debug|Any CPU
		{7E97C915-0A38-4D05-BE3C-0C3CAD73FF8E}.Debug|Any CPU.Build.0 = Debug|Any CPU
		{7E97C915-0A38-4D05-BE3C-0C3CAD73FF8E}.Release|Any CPU.ActiveCfg = Release|Any CPU
		{7E97C915-0A38-4D05-BE3C-0C3CAD73FF8E}.Release|Any CPU.Build.0 = Release|Any CPU
		{9090F93C-4F3E-404A-992A-A38C972F2371}.Debug|Any CPU.ActiveCfg = Debug|Any CPU
		{9090F93C-4F3E-404A-992A-A38C972F2371}.Debug|Any CPU.Build.0 = Debug|Any CPU
		{9090F93C-4F3E-404A-992A-A38C972F2371}.Release|Any CPU.ActiveCfg = Release|Any CPU
		{9090F93C-4F3E-404A-992A-A38C972F2371}.Release|Any CPU.Build.0 = Release|Any CPU
	EndGlobalSection
	GlobalSection(SolutionProperties) = preSolution
		HideSolutionNode = FALSE
	EndGlobalSection
EndGlobal
